
Microsoft Visual Studio Solution File, Format Version 12.00
# Visual Studio Version 17
VisualStudioVersion = 17.13.35825.156
MinimumVisualStudioVersion = 10.0.40219.1
Project("{9A19103F-16F7-4668-BE54-9A1E7A4F7556}") = "hashadchan", "hashadchan\hashadchan.csproj", "{C3A779F1-AEAA-4544-85A8-010FE274B1DB}"
EndProject
Project("{9A19103F-16F7-4668-BE54-9A1E7A4F7556}") = "Repository", "Repository\Repository.csproj", "{D018637F-5D29-4CE7-8EE2-AAE0D6A911ED}"
EndProject
Project("{9A19103F-16F7-4668-BE54-9A1E7A4F7556}") = "Service", "Service\Service.csproj", "{6748617E-2C65-4BE8-8814-197CD54C64FF}"
EndProject
Project("{9A19103F-16F7-4668-BE54-9A1E7A4F7556}") = "Mock", "Mock\Mock.csproj", "{DA24046F-D3E7-49AC-A48E-EDC6BDFC337D}"
EndProject
Project("{9A19103F-16F7-4668-BE54-9A1E7A4F7556}") = "Common", "Common\Common.csproj", "{92924F48-0C52-4313-8939-A339F17C2E18}"
EndProject
Global
	GlobalSection(SolutionConfigurationPlatforms) = preSolution
		Debug|Any CPU = Debug|Any CPU
		Release|Any CPU = Release|Any CPU
	EndGlobalSection
	GlobalSection(ProjectConfigurationPlatforms) = postSolution
		{C3A779F1-AEAA-4544-85A8-010FE274B1DB}.Debug|Any CPU.ActiveCfg = Debug|Any CPU
		{C3A779F1-AEAA-4544-85A8-010FE274B1DB}.Debug|Any CPU.Build.0 = Debug|Any CPU
		{C3A779F1-AEAA-4544-85A8-010FE274B1DB}.Release|Any CPU.ActiveCfg = Release|Any CPU
		{C3A779F1-AEAA-4544-85A8-010FE274B1DB}.Release|Any CPU.Build.0 = Release|Any CPU
		{D018637F-5D29-4CE7-8EE2-AAE0D6A911ED}.Debug|Any CPU.ActiveCfg = Debug|Any CPU
		{D018637F-5D29-4CE7-8EE2-AAE0D6A911ED}.Debug|Any CPU.Build.0 = Debug|Any CPU
		{D018637F-5D29-4CE7-8EE2-AAE0D6A911ED}.Release|Any CPU.ActiveCfg = Release|Any CPU
		{D018637F-5D29-4CE7-8EE2-AAE0D6A911ED}.Release|Any CPU.Build.0 = Release|Any CPU
		{6748617E-2C65-4BE8-8814-197CD54C64FF}.Debug|Any CPU.ActiveCfg = Debug|Any CPU
		{6748617E-2C65-4BE8-8814-197CD54C64FF}.Debug|Any CPU.Build.0 = Debug|Any CPU
		{6748617E-2C65-4BE8-8814-197CD54C64FF}.Release|Any CPU.ActiveCfg = Release|Any CPU
		{6748617E-2C65-4BE8-8814-197CD54C64FF}.Release|Any CPU.Build.0 = Release|Any CPU
		{DA24046F-D3E7-49AC-A48E-EDC6BDFC337D}.Debug|Any CPU.ActiveCfg = Debug|Any CPU
		{DA24046F-D3E7-49AC-A48E-EDC6BDFC337D}.Debug|Any CPU.Build.0 = Debug|Any CPU
		{DA24046F-D3E7-49AC-A48E-EDC6BDFC337D}.Release|Any CPU.ActiveCfg = Release|Any CPU
		{DA24046F-D3E7-49AC-A48E-EDC6BDFC337D}.Release|Any CPU.Build.0 = Release|Any CPU
		{92924F48-0C52-4313-8939-A339F17C2E18}.Debug|Any CPU.ActiveCfg = Debug|Any CPU
		{92924F48-0C52-4313-8939-A339F17C2E18}.Debug|Any CPU.Build.0 = Debug|Any CPU
		{92924F48-0C52-4313-8939-A339F17C2E18}.Release|Any CPU.ActiveCfg = Release|Any CPU
		{92924F48-0C52-4313-8939-A339F17C2E18}.Release|Any CPU.Build.0 = Release|Any CPU
	EndGlobalSection
	GlobalSection(SolutionProperties) = preSolution
		HideSolutionNode = FALSE
	EndGlobalSection
	GlobalSection(ExtensibilityGlobals) = postSolution
		SolutionGuid = {15EAD50A-616C-4DE8-AF18-0B16277A7C89}
	EndGlobalSection
EndGlobal
